
Microsoft Visual Studio Solution File, Format Version 12.00
# Visual Studio Version 16
VisualStudioVersion = 16.0.31702.278
MinimumVisualStudioVersion = 10.0.40219.1
Project("{FAE04EC0-301F-11D3-BF4B-00C04F79EFBC}") = "chef", "chef.csproj", "{92013F48-0B17-496B-812E-097A53D4E725}"
EndProject
Global
	GlobalSection(SolutionConfigurationPlatforms) = preSolution
		Debug|Any CPU = Debug|Any CPU
		Release|Any CPU = Release|Any CPU
	EndGlobalSection
	GlobalSection(ProjectConfigurationPlatforms) = postSolution
		{92013F48-0B17-496B-812E-097A53D4E725}.Debug|Any CPU.ActiveCfg = Debug|Any CPU
		{92013F48-0B17-496B-812E-097A53D4E725}.Debug|Any CPU.Build.0 = Debug|Any CPU
		{92013F48-0B17-496B-812E-097A53D4E725}.Release|Any CPU.ActiveCfg = Release|Any CPU
		{92013F48-0B17-496B-812E-097A53D4E725}.Release|Any CPU.Build.0 = Release|Any CPU
	EndGlobalSection
	GlobalSection(SolutionProperties) = preSolution
		HideSolutionNode = FALSE
	EndGlobalSection
	GlobalSection(ExtensibilityGlobals) = postSolution
		SolutionGuid = {5F34CD19-2ACC-435C-ADBE-B3342F395715}
	EndGlobalSection
EndGlobal
